{
  "name": "browser-features",
  "version": "1.0.1",
  "lockfileVersion": 1,
  "requires": true,
  "dependencies": {
    "useragent-info": {
      "version": "1.0.0",
      "resolved": "https://registry.npmjs.org/useragent-info/-/useragent-info-1.0.0.tgz",
      "integrity": "sha512-pUTqG3svL0xwdLZRmxPSXdk1M2oCGnZeIzf3/3Pjr8fI+P9Ubo3QLsPaLZD0U33C5ZIQby8Mt/v4XtS9mSGzCA=="
    }
  }
}
